
Microsoft Visual Studio Solution File, Format Version 12.00
# Visual Studio Version 17
VisualStudioVersion = 17.0.31903.59
MinimumVisualStudioVersion = 10.0.40219.1
Project("{2150E333-8FDC-42A3-9474-1A3956D46DE8}") = "src", "src", "{827E0CD3-B72D-47B6-A68D-7590B98EB39B}"
EndProject
Project("{2150E333-8FDC-42A3-9474-1A3956D46DE8}") = "Core", "Core", "{8D626EA8-CB54-BC41-363A-217881BEBA6E}"
EndProject
Project("{FAE04EC0-301F-11D3-BF4B-00C04F79EFBC}") = "CadastroClienteRommanel.Core", "src\Core\CadastroClienteRommanel.Core.csproj", "{1F2AB70D-1DEB-4C81-A162-89851090F169}"
EndProject
Project("{2150E333-8FDC-42A3-9474-1A3956D46DE8}") = "Application", "Application", "{22BAF98C-8415-17C4-B26A-D537657BC863}"
EndProject
Project("{FAE04EC0-301F-11D3-BF4B-00C04F79EFBC}") = "CadastroClienteRommanel.Application", "src\Application\CadastroClienteRommanel.Application.csproj", "{571108E2-5653-413F-876C-CBF7A9796B70}"
EndProject
Project("{2150E333-8FDC-42A3-9474-1A3956D46DE8}") = "Adapters", "Adapters", "{3E9C3776-17C9-28DE-3735-A8B9F121C183}"
EndProject
Project("{2150E333-8FDC-42A3-9474-1A3956D46DE8}") = "Driven", "Driven", "{881E85BE-B0D8-0019-8553-D45727D918BB}"
EndProject
Project("{2150E333-8FDC-42A3-9474-1A3956D46DE8}") = "Infrastructure", "Infrastructure", "{B70B79A2-31F9-8E6C-050B-4DB42E072CC4}"
EndProject
Project("{FAE04EC0-301F-11D3-BF4B-00C04F79EFBC}") = "CadastroClienteRommanel.Adapters.Driven.Infrastructure", "src\Adapters\Driven\Infrastructure\CadastroClienteRommanel.Adapters.Driven.Infrastructure.csproj", "{104D83FD-98D3-41CD-9752-58E12F23FADD}"
EndProject
Project("{2150E333-8FDC-42A3-9474-1A3956D46DE8}") = "tests", "tests", "{0AB3BF05-4346-4AA6-1389-037BE0695223}"
EndProject
Project("{2150E333-8FDC-42A3-9474-1A3956D46DE8}") = "Core.Tests", "Core.Tests", "{1188FC29-6841-2B7F-D680-EE3519BF48A4}"
EndProject
Project("{FAE04EC0-301F-11D3-BF4B-00C04F79EFBC}") = "CadastroClienteRommanel.Core.Tests", "tests\Core.Tests\CadastroClienteRommanel.Core.Tests.csproj", "{AB0D01D0-59AA-4E83-A2A6-3CF757D6BEE8}"
EndProject
Project("{2150E333-8FDC-42A3-9474-1A3956D46DE8}") = "Application.Tests", "Application.Tests", "{E54C5156-A79F-F12B-3B9F-7475A4B81BB0}"
EndProject
Project("{FAE04EC0-301F-11D3-BF4B-00C04F79EFBC}") = "CadastroClienteRommanel.Application.Tests", "tests\Application.Tests\CadastroClienteRommanel.Application.Tests.csproj", "{4EC0DF62-E799-4155-9307-8350137CAB27}"
EndProject
Project("{2150E333-8FDC-42A3-9474-1A3956D46DE8}") = "Drivers", "Drivers", "{E9D0CA27-8918-6F8A-B406-FDBFA1CD8474}"
EndProject
Project("{2150E333-8FDC-42A3-9474-1A3956D46DE8}") = "WebApi", "WebApi", "{AA21CE7D-28CC-F5D1-7378-4C4790684686}"
EndProject
Project("{FAE04EC0-301F-11D3-BF4B-00C04F79EFBC}") = "CadastroClienteRommanel.Adapters.Drivers.WebApi", "src\Adapters\Drivers\WebApi\CadastroClienteRommanel.Adapters.Drivers.WebApi.csproj", "{F9BA6468-FAA6-481E-9AB0-11236DE89F2D}"
EndProject
Project("{2150E333-8FDC-42A3-9474-1A3956D46DE8}") = "Solution Items", "Solution Items", "{8EC462FD-D22E-90A8-E5CE-7E832BA40C5D}"
	ProjectSection(SolutionItems) = preProject
		docker-compose.yml = docker-compose.yml
	EndProjectSection
EndProject
Project("{2150E333-8FDC-42A3-9474-1A3956D46DE8}") = "frontend", "frontend", "{02EA681E-C7D8-13C7-8484-4AC65E1B71E8}"
EndProject
Global
	GlobalSection(SolutionConfigurationPlatforms) = preSolution
		Debug|Any CPU = Debug|Any CPU
		Debug|x64 = Debug|x64
		Debug|x86 = Debug|x86
		Release|Any CPU = Release|Any CPU
		Release|x64 = Release|x64
		Release|x86 = Release|x86
	EndGlobalSection
	GlobalSection(ProjectConfigurationPlatforms) = postSolution
		{1F2AB70D-1DEB-4C81-A162-89851090F169}.Debug|Any CPU.ActiveCfg = Debug|Any CPU
		{1F2AB70D-1DEB-4C81-A162-89851090F169}.Debug|Any CPU.Build.0 = Debug|Any CPU
		{1F2AB70D-1DEB-4C81-A162-89851090F169}.Debug|x64.ActiveCfg = Debug|Any CPU
		{1F2AB70D-1DEB-4C81-A162-89851090F169}.Debug|x64.Build.0 = Debug|Any CPU
		{1F2AB70D-1DEB-4C81-A162-89851090F169}.Debug|x86.ActiveCfg = Debug|Any CPU
		{1F2AB70D-1DEB-4C81-A162-89851090F169}.Debug|x86.Build.0 = Debug|Any CPU
		{1F2AB70D-1DEB-4C81-A162-89851090F169}.Release|Any CPU.ActiveCfg = Release|Any CPU
		{1F2AB70D-1DEB-4C81-A162-89851090F169}.Release|Any CPU.Build.0 = Release|Any CPU
		{1F2AB70D-1DEB-4C81-A162-89851090F169}.Release|x64.ActiveCfg = Release|Any CPU
		{1F2AB70D-1DEB-4C81-A162-89851090F169}.Release|x64.Build.0 = Release|Any CPU
		{1F2AB70D-1DEB-4C81-A162-89851090F169}.Release|x86.ActiveCfg = Release|Any CPU
		{1F2AB70D-1DEB-4C81-A162-89851090F169}.Release|x86.Build.0 = Release|Any CPU
		{571108E2-5653-413F-876C-CBF7A9796B70}.Debug|Any CPU.ActiveCfg = Debug|Any CPU
		{571108E2-5653-413F-876C-CBF7A9796B70}.Debug|Any CPU.Build.0 = Debug|Any CPU
		{571108E2-5653-413F-876C-CBF7A9796B70}.Debug|x64.ActiveCfg = Debug|Any CPU
		{571108E2-5653-413F-876C-CBF7A9796B70}.Debug|x64.Build.0 = Debug|Any CPU
		{571108E2-5653-413F-876C-CBF7A9796B70}.Debug|x86.ActiveCfg = Debug|Any CPU
		{571108E2-5653-413F-876C-CBF7A9796B70}.Debug|x86.Build.0 = Debug|Any CPU
		{571108E2-5653-413F-876C-CBF7A9796B70}.Release|Any CPU.ActiveCfg = Release|Any CPU
		{571108E2-5653-413F-876C-CBF7A9796B70}.Release|Any CPU.Build.0 = Release|Any CPU
		{571108E2-5653-413F-876C-CBF7A9796B70}.Release|x64.ActiveCfg = Release|Any CPU
		{571108E2-5653-413F-876C-CBF7A9796B70}.Release|x64.Build.0 = Release|Any CPU
		{571108E2-5653-413F-876C-CBF7A9796B70}.Release|x86.ActiveCfg = Release|Any CPU
		{571108E2-5653-413F-876C-CBF7A9796B70}.Release|x86.Build.0 = Release|Any CPU
		{104D83FD-98D3-41CD-9752-58E12F23FADD}.Debug|Any CPU.ActiveCfg = Debug|Any CPU
		{104D83FD-98D3-41CD-9752-58E12F23FADD}.Debug|Any CPU.Build.0 = Debug|Any CPU
		{104D83FD-98D3-41CD-9752-58E12F23FADD}.Debug|x64.ActiveCfg = Debug|Any CPU
		{104D83FD-98D3-41CD-9752-58E12F23FADD}.Debug|x64.Build.0 = Debug|Any CPU
		{104D83FD-98D3-41CD-9752-58E12F23FADD}.Debug|x86.ActiveCfg = Debug|Any CPU
		{104D83FD-98D3-41CD-9752-58E12F23FADD}.Debug|x86.Build.0 = Debug|Any CPU
		{104D83FD-98D3-41CD-9752-58E12F23FADD}.Release|Any CPU.ActiveCfg = Release|Any CPU
		{104D83FD-98D3-41CD-9752-58E12F23FADD}.Release|Any CPU.Build.0 = Release|Any CPU
		{104D83FD-98D3-41CD-9752-58E12F23FADD}.Release|x64.ActiveCfg = Release|Any CPU
		{104D83FD-98D3-41CD-9752-58E12F23FADD}.Release|x64.Build.0 = Release|Any CPU
		{104D83FD-98D3-41CD-9752-58E12F23FADD}.Release|x86.ActiveCfg = Release|Any CPU
		{104D83FD-98D3-41CD-9752-58E12F23FADD}.Release|x86.Build.0 = Release|Any CPU
		{AB0D01D0-59AA-4E83-A2A6-3CF757D6BEE8}.Debug|Any CPU.ActiveCfg = Debug|Any CPU
		{AB0D01D0-59AA-4E83-A2A6-3CF757D6BEE8}.Debug|Any CPU.Build.0 = Debug|Any CPU
		{AB0D01D0-59AA-4E83-A2A6-3CF757D6BEE8}.Debug|x64.ActiveCfg = Debug|Any CPU
		{AB0D01D0-59AA-4E83-A2A6-3CF757D6BEE8}.Debug|x64.Build.0 = Debug|Any CPU
		{AB0D01D0-59AA-4E83-A2A6-3CF757D6BEE8}.Debug|x86.ActiveCfg = Debug|Any CPU
		{AB0D01D0-59AA-4E83-A2A6-3CF757D6BEE8}.Debug|x86.Build.0 = Debug|Any CPU
		{AB0D01D0-59AA-4E83-A2A6-3CF757D6BEE8}.Release|Any CPU.ActiveCfg = Release|Any CPU
		{AB0D01D0-59AA-4E83-A2A6-3CF757D6BEE8}.Release|Any CPU.Build.0 = Release|Any CPU
		{AB0D01D0-59AA-4E83-A2A6-3CF757D6BEE8}.Release|x64.ActiveCfg = Release|Any CPU
		{AB0D01D0-59AA-4E83-A2A6-3CF757D6BEE8}.Release|x64.Build.0 = Release|Any CPU
		{AB0D01D0-59AA-4E83-A2A6-3CF757D6BEE8}.Release|x86.ActiveCfg = Release|Any CPU
		{AB0D01D0-59AA-4E83-A2A6-3CF757D6BEE8}.Release|x86.Build.0 = Release|Any CPU
		{4EC0DF62-E799-4155-9307-8350137CAB27}.Debug|Any CPU.ActiveCfg = Debug|Any CPU
		{4EC0DF62-E799-4155-9307-8350137CAB27}.Debug|Any CPU.Build.0 = Debug|Any CPU
		{4EC0DF62-E799-4155-9307-8350137CAB27}.Debug|x64.ActiveCfg = Debug|Any CPU
		{4EC0DF62-E799-4155-9307-8350137CAB27}.Debug|x64.Build.0 = Debug|Any CPU
		{4EC0DF62-E799-4155-9307-8350137CAB27}.Debug|x86.ActiveCfg = Debug|Any CPU
		{4EC0DF62-E799-4155-9307-8350137CAB27}.Debug|x86.Build.0 = Debug|Any CPU
		{4EC0DF62-E799-4155-9307-8350137CAB27}.Release|Any CPU.ActiveCfg = Release|Any CPU
		{4EC0DF62-E799-4155-9307-8350137CAB27}.Release|Any CPU.Build.0 = Release|Any CPU
		{4EC0DF62-E799-4155-9307-8350137CAB27}.Release|x64.ActiveCfg = Release|Any CPU
		{4EC0DF62-E799-4155-9307-8350137CAB27}.Release|x64.Build.0 = Release|Any CPU
		{4EC0DF62-E799-4155-9307-8350137CAB27}.Release|x86.ActiveCfg = Release|Any CPU
		{4EC0DF62-E799-4155-9307-8350137CAB27}.Release|x86.Build.0 = Release|Any CPU
		{F9BA6468-FAA6-481E-9AB0-11236DE89F2D}.Debug|Any CPU.ActiveCfg = Debug|Any CPU
		{F9BA6468-FAA6-481E-9AB0-11236DE89F2D}.Debug|Any CPU.Build.0 = Debug|Any CPU
		{F9BA6468-FAA6-481E-9AB0-11236DE89F2D}.Debug|x64.ActiveCfg = Debug|Any CPU
		{F9BA6468-FAA6-481E-9AB0-11236DE89F2D}.Debug|x64.Build.0 = Debug|Any CPU
		{F9BA6468-FAA6-481E-9AB0-11236DE89F2D}.Debug|x86.ActiveCfg = Debug|Any CPU
		{F9BA6468-FAA6-481E-9AB0-11236DE89F2D}.Debug|x86.Build.0 = Debug|Any CPU
		{F9BA6468-FAA6-481E-9AB0-11236DE89F2D}.Release|Any CPU.ActiveCfg = Release|Any CPU
		{F9BA6468-FAA6-481E-9AB0-11236DE89F2D}.Release|Any CPU.Build.0 = Release|Any CPU
		{F9BA6468-FAA6-481E-9AB0-11236DE89F2D}.Release|x64.ActiveCfg = Release|Any CPU
		{F9BA6468-FAA6-481E-9AB0-11236DE89F2D}.Release|x64.Build.0 = Release|Any CPU
		{F9BA6468-FAA6-481E-9AB0-11236DE89F2D}.Release|x86.ActiveCfg = Release|Any CPU
		{F9BA6468-FAA6-481E-9AB0-11236DE89F2D}.Release|x86.Build.0 = Release|Any CPU
	EndGlobalSection
	GlobalSection(SolutionProperties) = preSolution
		HideSolutionNode = FALSE
	EndGlobalSection
	GlobalSection(NestedProjects) = preSolution
		{8D626EA8-CB54-BC41-363A-217881BEBA6E} = {827E0CD3-B72D-47B6-A68D-7590B98EB39B}
		{1F2AB70D-1DEB-4C81-A162-89851090F169} = {8D626EA8-CB54-BC41-363A-217881BEBA6E}
		{22BAF98C-8415-17C4-B26A-D537657BC863} = {827E0CD3-B72D-47B6-A68D-7590B98EB39B}
		{571108E2-5653-413F-876C-CBF7A9796B70} = {22BAF98C-8415-17C4-B26A-D537657BC863}
		{3E9C3776-17C9-28DE-3735-A8B9F121C183} = {827E0CD3-B72D-47B6-A68D-7590B98EB39B}
		{881E85BE-B0D8-0019-8553-D45727D918BB} = {3E9C3776-17C9-28DE-3735-A8B9F121C183}
		{B70B79A2-31F9-8E6C-050B-4DB42E072CC4} = {881E85BE-B0D8-0019-8553-D45727D918BB}
		{104D83FD-98D3-41CD-9752-58E12F23FADD} = {B70B79A2-31F9-8E6C-050B-4DB42E072CC4}
		{1188FC29-6841-2B7F-D680-EE3519BF48A4} = {0AB3BF05-4346-4AA6-1389-037BE0695223}
		{AB0D01D0-59AA-4E83-A2A6-3CF757D6BEE8} = {1188FC29-6841-2B7F-D680-EE3519BF48A4}
		{E54C5156-A79F-F12B-3B9F-7475A4B81BB0} = {0AB3BF05-4346-4AA6-1389-037BE0695223}
		{4EC0DF62-E799-4155-9307-8350137CAB27} = {E54C5156-A79F-F12B-3B9F-7475A4B81BB0}
		{E9D0CA27-8918-6F8A-B406-FDBFA1CD8474} = {3E9C3776-17C9-28DE-3735-A8B9F121C183}
		{AA21CE7D-28CC-F5D1-7378-4C4790684686} = {E9D0CA27-8918-6F8A-B406-FDBFA1CD8474}
		{F9BA6468-FAA6-481E-9AB0-11236DE89F2D} = {AA21CE7D-28CC-F5D1-7378-4C4790684686}
	EndGlobalSection
	GlobalSection(ExtensibilityGlobals) = postSolution
		SolutionGuid = {BDDC1AB6-B6EB-4D1D-8C5C-85191452F58C}
	EndGlobalSection
EndGlobal
